// !$*UTF8*$!
{
	archiveVersion = 1;
	classes = {
	};
	objectVersion = 46;
	objects = {

/* Begin PBXBuildFile section */
		C66DA21D1A2B4DE50061FD90 /* AppDelegate.swift in Sources */ = {isa = PBXBuildFile; fileRef = C66DA21C1A2B4DE50061FD90 /* AppDelegate.swift */; };
		C66DA21F1A2B4DE50061FD90 /* ViewController.swift in Sources */ = {isa = PBXBuildFile; fileRef = C66DA21E1A2B4DE50061FD90 /* ViewController.swift */; };
		C66DA2221A2B4DE50061FD90 /* Main.storyboard in Resources */ = {isa = PBXBuildFile; fileRef = C66DA2201A2B4DE50061FD90 /* Main.storyboard */; };
		C66DA2241A2B4DE50061FD90 /* Images.xcassets in Resources */ = {isa = PBXBuildFile; fileRef = C66DA2231A2B4DE50061FD90 /* Images.xcassets */; };
		C66DA2271A2B4DE50061FD90 /* LaunchScreen.xib in Resources */ = {isa = PBXBuildFile; fileRef = C66DA2251A2B4DE50061FD90 /* LaunchScreen.xib */; };
		C66DA2331A2B4DE50061FD90 /* TestAppTests.swift in Sources */ = {isa = PBXBuildFile; fileRef = C66DA2321A2B4DE50061FD90 /* TestAppTests.swift */; };
/* End PBXBuildFile section */

/* Begin PBXContainerItemProxy section */
		C66DA22D1A2B4DE50061FD90 /* PBXContainerItemProxy */ = {
			isa = PBXContainerItemProxy;
			containerPortal = C66DA20F1A2B4DE40061FD90 /* Project object */;
			proxyType = 1;
			remoteGlobalIDString = C66DA2161A2B4DE50061FD90;
			remoteInfo = TestApp;
		};
/* End PBXContainerItemProxy section */

/* Begin PBXFileReference section */
		C66DA2171A2B4DE50061FD90 /* TestApp.app */ = {isa = PBXFileReference; explicitFileType = wrapper.application; includeInIndex = 0; path = TestApp.app; sourceTree = BUILT_PRODUCTS_DIR; };
		C66DA21B1A2B4DE50061FD90 /* Info.plist */ = {isa = PBXFileReference; lastKnownFileType = text.plist.xml; path = Info.plist; sourceTree = "<group>"; };
		C66DA21C1A2B4DE50061FD90 /* AppDelegate.swift */ = {isa = PBXFileReference; lastKnownFileType = sourcecode.swift; path = AppDelegate.swift; sourceTree = "<group>"; };
		C66DA21E1A2B4DE50061FD90 /* ViewController.swift */ = {isa = PBXFileReference; lastKnownFileType = sourcecode.swift; path = ViewController.swift; sourceTree = "<group>"; };
		C66DA2211A2B4DE50061FD90 /* Base */ = {isa = PBXFileReference; lastKnownFileType = file.storyboard; name = Base; path = Base.lproj/Main.storyboard; sourceTree = "<group>"; };
		C66DA2231A2B4DE50061FD90 /* Images.xcassets */ = {isa = PBXFileReference; lastKnownFileType = folder.assetcatalog; path = Images.xcassets; sourceTree = "<group>"; };
		C66DA2261A2B4DE50061FD90 /* Base */ = {isa = PBXFileReference; lastKnownFileType = file.xib; name = Base; path = Base.lproj/LaunchScreen.xib; sourceTree = "<group>"; };
		C66DA22C1A2B4DE50061FD90 /* TestAppTests.xctest */ = {isa = PBXFileReference; explicitFileType = wrapper.cfbundle; includeInIndex = 0; path = TestAppTests.xctest; sourceTree = BUILT_PRODUCTS_DIR; };
		C66DA2311A2B4DE50061FD90 /* Info.plist */ = {isa = PBXFileReference; lastKnownFileType = text.plist.xml; path = Info.plist; sourceTree = "<group>"; };
		C66DA2321A2B4DE50061FD90 /* TestAppTests.swift */ = {isa = PBXFileReference; lastKnownFileType = sourcecode.swift; path = TestAppTests.swift; sourceTree = "<group>"; };
/* End PBXFileReference section */

/* Begin PBXFrameworksBuildPhase section */
		C66DA2141A2B4DE50061FD90 /* Frameworks */ = {
			isa = PBXFrameworksBuildPhase;
			buildActionMask = 2147483647;
			files = (
			);
			runOnlyForDeploymentPostprocessing = 0;
		};
		C66DA2291A2B4DE50061FD90 /* Frameworks */ = {
			isa = PBXFrameworksBuildPhase;
			buildActionMask = 2147483647;
			files = (
			);
			runOnlyForDeploymentPostprocessing = 0;
		};
/* End PBXFrameworksBuildPhase section */

/* Begin PBXGroup section */
		C66DA20E1A2B4DE40061FD90 = {
			isa = PBXGroup;
			children = (
				C66DA2191A2B4DE50061FD90 /* TestApp */,
				C66DA22F1A2B4DE50061FD90 /* TestAppTests */,
				C66DA2181A2B4DE50061FD90 /* Products */,
			);
			sourceTree = "<group>";
		};
		C66DA2181A2B4DE50061FD90 /* Products */ = {
			isa = PBXGroup;
			children = (
				C66DA2171A2B4DE50061FD90 /* TestApp.app */,
				C66DA22C1A2B4DE50061FD90 /* TestAppTests.xctest */,
			);
			name = Products;
			sourceTree = "<group>";
		};
		C66DA2191A2B4DE50061FD90 /* TestApp */ = {
			isa = PBXGroup;
			children = (
				C66DA21C1A2B4DE50061FD90 /* AppDelegate.swift */,
				C66DA21E1A2B4DE50061FD90 /* ViewController.swift */,
				C66DA2201A2B4DE50061FD90 /* Main.storyboard */,
				C66DA2231A2B4DE50061FD90 /* Images.xcassets */,
				C66DA2251A2B4DE50061FD90 /* LaunchScreen.xib */,
				C66DA21A1A2B4DE50061FD90 /* Supporting Files */,
			);
			path = TestApp;
			sourceTree = "<group>";
		};
		C66DA21A1A2B4DE50061FD90 /* Supporting Files */ = {
			isa = PBXGroup;
			children = (
				C66DA21B1A2B4DE50061FD90 /* Info.plist */,
			);
			name = "Supporting Files";
			sourceTree = "<group>";
		};
		C66DA22F1A2B4DE50061FD90 /* TestAppTests */ = {
			isa = PBXGroup;
			children = (
				C66DA2321A2B4DE50061FD90 /* TestAppTests.swift */,
				C66DA2301A2B4DE50061FD90 /* Supporting Files */,
			);
			path = TestAppTests;
			sourceTree = "<group>";
		};
		C66DA2301A2B4DE50061FD90 /* Supporting Files */ = {
			isa = PBXGroup;
			children = (
				C66DA2311A2B4DE50061FD90 /* Info.plist */,
			);
			name = "Supporting Files";
			sourceTree = "<group>";
		};
/* End PBXGroup section */

/* Begin PBXNativeTarget section */
		C66DA2161A2B4DE50061FD90 /* TestApp */ = {
			isa = PBXNativeTarget;
			buildConfigurationList = C66DA2361A2B4DE50061FD90 /* Build configuration list for PBXNativeTarget "TestApp" */;
			buildPhases = (
				C66DA2131A2B4DE50061FD90 /* Sources */,
				C66DA2141A2B4DE50061FD90 /* Frameworks */,
				C66DA2151A2B4DE50061FD90 /* Resources */,
			);
			buildRules = (
			);
			dependencies = (
			);
			name = TestApp;
			productName = TestApp;
			productReference = C66DA2171A2B4DE50061FD90 /* TestApp.app */;
			productType = "com.apple.product-type.application";
		};
		C66DA22B1A2B4DE50061FD90 /* TestAppTests */ = {
			isa = PBXNativeTarget;
			buildConfigurationList = C66DA2391A2B4DE50061FD90 /* Build configuration list for PBXNativeTarget "TestAppTests" */;
			buildPhases = (
				C66DA2281A2B4DE50061FD90 /* Sources */,
				C66DA2291A2B4DE50061FD90 /* Frameworks */,
				C66DA22A1A2B4DE50061FD90 /* Resources */,
			);
			buildRules = (
			);
			dependencies = (
				C66DA22E1A2B4DE50061FD90 /* PBXTargetDependency */,
			);
			name = TestAppTests;
			productName = TestAppTests;
			productReference = C66DA22C1A2B4DE50061FD90 /* TestAppTests.xctest */;
			productType = "com.apple.product-type.bundle.unit-test";
		};
/* End PBXNativeTarget section */

/* Begin PBXProject section */
		C66DA20F1A2B4DE40061FD90 /* Project object */ = {
			isa = PBXProject;
			attributes = {
				LastUpgradeCheck = 0610;
				ORGANIZATIONNAME = gerionsecurity;
				TargetAttributes = {
					C66DA2161A2B4DE50061FD90 = {
						CreatedOnToolsVersion = 6.1;
					};
					C66DA22B1A2B4DE50061FD90 = {
						CreatedOnToolsVersion = 6.1;
						TestTargetID = C66DA2161A2B4DE50061FD90;
					};
				};
			};
			buildConfigurationList = C66DA2121A2B4DE40061FD90 /* Build configuration list for PBXProject "TestApp" */;
			compatibilityVersion = "Xcode 3.2";
			developmentRegion = English;
			hasScannedForEncodings = 0;
			knownRegions = (
				en,
				Base,
			);
			mainGroup = C66DA20E1A2B4DE40061FD90;
			productRefGroup = C66DA2181A2B4DE50061FD90 /* Products */;
			projectDirPath = "";
			projectRoot = "";
			targets = (
				C66DA2161A2B4DE50061FD90 /* TestApp */,
				C66DA22B1A2B4DE50061FD90 /* TestAppTests */,
			);
		};
/* End PBXProject section */

/* Begin PBXResourcesBuildPhase section */
		C66DA2151A2B4DE50061FD90 /* Resources */ = {
			isa = PBXResourcesBuildPhase;
			buildActionMask = 2147483647;
			files = (
				C66DA2221A2B4DE50061FD90 /* Main.storyboard in Resources */,
				C66DA2271A2B4DE50061FD90 /* LaunchScreen.xib in Resources */,
				C66DA2241A2B4DE50061FD90 /* Images.xcassets in Resources */,
			);
			runOnlyForDeploymentPostprocessing = 0;
		};
		C66DA22A1A2B4DE50061FD90 /* Resources */ = {
			isa = PBXResourcesBuildPhase;
			buildActionMask = 2147483647;
			files = (
			);
			runOnlyForDeploymentPostprocessing = 0;
		};
/* End PBXResourcesBuildPhase section */

/* Begin PBXSourcesBuildPhase section */
		C66DA2131A2B4DE50061FD90 /* Sources */ = {
			isa = PBXSourcesBuildPhase;
			buildActionMask = 2147483647;
			files = (
				C66DA21F1A2B4DE50061FD90 /* ViewController.swift in Sources */,
				C66DA21D1A2B4DE50061FD90 /* AppDelegate.swift in Sources */,
			);
			runOnlyForDeploymentPostprocessing = 0;
		};
		C66DA2281A2B4DE50061FD90 /* Sources */ = {
			isa = PBXSourcesBuildPhase;
			buildActionMask = 2147483647;
			files = (
				C66DA2331A2B4DE50061FD90 /* TestAppTests.swift in Sources */,
			);
			runOnlyForDeploymentPostprocessing = 0;
		};
/* End PBXSourcesBuildPhase section */

/* Begin PBXTargetDependency section */
		C66DA22E1A2B4DE50061FD90 /* PBXTargetDependency */ = {
			isa = PBXTargetDependency;
			target = C66DA2161A2B4DE50061FD90 /* TestApp */;
			targetProxy = C66DA22D1A2B4DE50061FD90 /* PBXContainerItemProxy */;
		};
/* End PBXTargetDependency section */

/* Begin PBXVariantGroup section */
		C66DA2201A2B4DE50061FD90 /* Main.storyboard */ = {
			isa = PBXVariantGroup;
			children = (
				C66DA2211A2B4DE50061FD90 /* Base */,
			);
			name = Main.storyboard;
			sourceTree = "<group>";
		};
		C66DA2251A2B4DE50061FD90 /* LaunchScreen.xib */ = {
			isa = PBXVariantGroup;
			children = (
				C66DA2261A2B4DE50061FD90 /* Base */,
			);
			name = LaunchScreen.xib;
			sourceTree = "<group>";
		};
/* End PBXVariantGroup section */

/* Begin XCBuildConfiguration section */
		C66DA2341A2B4DE50061FD90 /* Debug */ = {
			isa = XCBuildConfiguration;
			buildSettings = {
				ALWAYS_SEARCH_USER_PATHS = NO;
				CLANG_CXX_LANGUAGE_STANDARD = "gnu++0x";
				CLANG_CXX_LIBRARY = "libc++";
				CLANG_ENABLE_MODULES = YES;
				CLANG_ENABLE_OBJC_ARC = YES;
				CLANG_WARN_BOOL_CONVERSION = YES;
				CLANG_WARN_CONSTANT_CONVERSION = YES;
				CLANG_WARN_DIRECT_OBJC_ISA_USAGE = YES_ERROR;
				CLANG_WARN_EMPTY_BODY = YES;
				CLANG_WARN_ENUM_CONVERSION = YES;
				CLANG_WARN_INT_CONVERSION = YES;
				CLANG_WARN_OBJC_ROOT_CLASS = YES_ERROR;
				CLANG_WARN_UNREACHABLE_CODE = YES;
				CLANG_WARN__DUPLICATE_METHOD_MATCH = YES;
				"CODE_SIGN_IDENTITY[sdk=iphoneos*]" = "iPhone Developer";
				COPY_PHASE_STRIP = NO;
				ENABLE_STRICT_OBJC_MSGSEND = YES;
				GCC_C_LANGUAGE_STANDARD = gnu99;
				GCC_DYNAMIC_NO_PIC = NO;
				GCC_OPTIMIZATION_LEVEL = 0;
				GCC_PREPROCESSOR_DEFINITIONS = (
					"DEBUG=1",
					"$(inherited)",
				);
				GCC_SYMBOLS_PRIVATE_EXTERN = NO;
				GCC_WARN_64_TO_32_BIT_CONVERSION = YES;
				GCC_WARN_ABOUT_RETURN_TYPE = YES_ERROR;
				GCC_WARN_UNDECLARED_SELECTOR = YES;
				GCC_WARN_UNINITIALIZED_AUTOS = YES_AGGRESSIVE;
				GCC_WARN_UNUSED_FUNCTION = YES;
				GCC_WARN_UNUSED_VARIABLE = YES;
				IPHONEOS_DEPLOYMENT_TARGET = 8.1;
				MTL_ENABLE_DEBUG_INFO = YES;
				ONLY_ACTIVE_ARCH = YES;
				SDKROOT = iphoneos;
				SWIFT_OPTIMIZATION_LEVEL = "-Onone";
			};
			name = Debug;
		};
		C66DA2351A2B4DE50061FD90 /* Release */ = {
			isa = XCBuildConfiguration;
			buildSettings = {
				ALWAYS_SEARCH_USER_PATHS = NO;
				CLANG_CXX_LANGUAGE_STANDARD = "gnu++0x";
				CLANG_CXX_LIBRARY = "libc++";
				CLANG_ENABLE_MODULES = YES;
				CLANG_ENABLE_OBJC_ARC = YES;
				CLANG_WARN_BOOL_CONVERSION = YES;
				CLANG_WARN_CONSTANT_CONVERSION = YES;
				CLANG_WARN_DIRECT_OBJC_ISA_USAGE = YES_ERROR;
				CLANG_WARN_EMPTY_BODY = YES;
				CLANG_WARN_ENUM_CONVERSION = YES;
				CLANG_WARN_INT_CONVERSION = YES;
				CLANG_WARN_OBJC_ROOT_CLASS = YES_ERROR;
				CLANG_WARN_UNREACHABLE_CODE = YES;
				CLANG_WARN__DUPLICATE_METHOD_MATCH = YES;
				"CODE_SIGN_IDENTITY[sdk=iphoneos*]" = "iPhone Developer";
				COPY_PHASE_STRIP = YES;
				ENABLE_NS_ASSERTIONS = NO;
				ENABLE_STRICT_OBJC_MSGSEND = YES;
				GCC_C_LANGUAGE_STANDARD = gnu99;
				GCC_WARN_64_TO_32_BIT_CONVERSION = YES;
				GCC_WARN_ABOUT_RETURN_TYPE = YES_ERROR;
				GCC_WARN_UNDECLARED_SELECTOR = YES;
				GCC_WARN_UNINITIALIZED_AUTOS = YES_AGGRESSIVE;
				GCC_WARN_UNUSED_FUNCTION = YES;
				GCC_WARN_UNUSED_VARIABLE = YES;
				IPHONEOS_DEPLOYMENT_TARGET = 8.1;
				MTL_ENABLE_DEBUG_INFO = NO;
				SDKROOT = iphoneos;
				VALIDATE_PRODUCT = YES;
			};
			name = Release;
		};
		C66DA2371A2B4DE50061FD90 /* Debug */ = {
			isa = XCBuildConfiguration;
			buildSettings = {
				ASSETCATALOG_COMPILER_APPICON_NAME = AppIcon;
				INFOPLIST_FILE = TestApp/Info.plist;
				LD_RUNPATH_SEARCH_PATHS = "$(inherited) @executable_path/Frameworks";
				PRODUCT_NAME = "$(TARGET_NAME)";
			};
			name = Debug;
		};
		C66DA2381A2B4DE50061FD90 /* Release */ = {
			isa = XCBuildConfiguration;
			buildSettings = {
				ASSETCATALOG_COMPILER_APPICON_NAME = AppIcon;
				INFOPLIST_FILE = TestApp/Info.plist;
				LD_RUNPATH_SEARCH_PATHS = "$(inherited) @executable_path/Frameworks";
				PRODUCT_NAME = "$(TARGET_NAME)";
			};
			name = Release;
		};
		C66DA23A1A2B4DE50061FD90 /* Debug */ = {
			isa = XCBuildConfiguration;
			buildSettings = {
				BUNDLE_LOADER = "$(TEST_HOST)";
				FRAMEWORK_SEARCH_PATHS = (
					"$(SDKROOT)/Developer/Library/Frameworks",
					"$(inherited)",
				);
				GCC_PREPROCESSOR_DEFINITIONS = (
					"DEBUG=1",
					"$(inherited)",
				);
				INFOPLIST_FILE = TestAppTests/Info.plist;
				LD_RUNPATH_SEARCH_PATHS = "$(inherited) @executable_path/Frameworks @loader_path/Frameworks";
				PRODUCT_NAME = "$(TARGET_NAME)";
				TEST_HOST = "$(BUILT_PRODUCTS_DIR)/TestApp.app/TestApp";
			};
			name = Debug;
		};
		C66DA23B1A2B4DE50061FD90 /* Release */ = {
			isa = XCBuildConfiguration;
			buildSettings = {
				BUNDLE_LOADER = "$(TEST_HOST)";
				FRAMEWORK_SEARCH_PATHS = (
					"$(SDKROOT)/Developer/Library/Frameworks",
					"$(inherited)",
				);
				INFOPLIST_FILE = TestAppTests/Info.plist;
				LD_RUNPATH_SEARCH_PATHS = "$(inherited) @executable_path/Frameworks @loader_path/Frameworks";
				PRODUCT_NAME = "$(TARGET_NAME)";
				TEST_HOST = "$(BUILT_PRODUCTS_DIR)/TestApp.app/TestApp";
			};
			name = Release;
		};
/* End XCBuildConfiguration section */

/* Begin XCConfigurationList section */
		C66DA2121A2B4DE40061FD90 /* Build configuration list for PBXProject "TestApp" */ = {
			isa = XCConfigurationList;
			buildConfigurations = (
				C66DA2341A2B4DE50061FD90 /* Debug */,
				C66DA2351A2B4DE50061FD90 /* Release */,
			);
			defaultConfigurationIsVisible = 0;
			defaultConfigurationName = Release;
		};
		C66DA2361A2B4DE50061FD90 /* Build configuration list for PBXNativeTarget "TestApp" */ = {
			isa = XCConfigurationList;
			buildConfigurations = (
				C66DA2371A2B4DE50061FD90 /* Debug */,
				C66DA2381A2B4DE50061FD90 /* Release */,
			);
			defaultConfigurationIsVisible = 0;
		};
		C66DA2391A2B4DE50061FD90 /* Build configuration list for PBXNativeTarget "TestAppTests" */ = {
			isa = XCConfigurationList;
			buildConfigurations = (
				C66DA23A1A2B4DE50061FD90 /* Debug */,
				C66DA23B1A2B4DE50061FD90 /* Release */,
			);
			defaultConfigurationIsVisible = 0;
		};
/* End XCConfigurationList section */
	};
	rootObject = C66DA20F1A2B4DE40061FD90 /* Project object */;
}
